
Microsoft Visual Studio Solution File, Format Version 12.00
# Visual Studio Version 17
VisualStudioVersion = 17.4.33122.133
MinimumVisualStudioVersion = 10.0.40219.1
Project("{FAE04EC0-301F-11D3-BF4B-00C04F79EFBC}") = "AwaitAnything", "AwaitAnything.csproj", "{5EE735EF-50AB-4EE4-A84A-5D2732901A82}"
EndProject
Global
	GlobalSection(SolutionConfigurationPlatforms) = preSolution
		Debug|Any CPU = Debug|Any CPU
		Release|Any CPU = Release|Any CPU
	EndGlobalSection
	GlobalSection(ProjectConfigurationPlatforms) = postSolution
		{5EE735EF-50AB-4EE4-A84A-5D2732901A82}.Debug|Any CPU.ActiveCfg = Debug|Any CPU
		{5EE735EF-50AB-4EE4-A84A-5D2732901A82}.Debug|Any CPU.Build.0 = Debug|Any CPU
		{5EE735EF-50AB-4EE4-A84A-5D2732901A82}.Release|Any CPU.ActiveCfg = Release|Any CPU
		{5EE735EF-50AB-4EE4-A84A-5D2732901A82}.Release|Any CPU.Build.0 = Release|Any CPU
	EndGlobalSection
	GlobalSection(SolutionProperties) = preSolution
		HideSolutionNode = FALSE
	EndGlobalSection
	GlobalSection(ExtensibilityGlobals) = postSolution
		SolutionGuid = {6A15681B-5F01-4378-9D95-73EFF5D010A9}
	EndGlobalSection
EndGlobal
